
Microsoft Visual Studio Solution File, Format Version 12.00
# 
Project("{FAE04EC0-301F-11D3-BF4B-00C04F79EFBC}") = "ImageFFT", "ImageFFT\ImageFFT.csproj", "{E269E2AC-163E-4B8D-A609-CDC90FA05388}"
EndProject
Project("{FAE04EC0-301F-11D3-BF4B-00C04F79EFBC}") = "ImageFFT.Tests", "ImageFFT.Tests\ImageFFT.Tests.csproj", "{FA71C336-B20B-4683-93C5-DDEFFF8811FC}"
EndProject
Project("{FAE04EC0-301F-11D3-BF4B-00C04F79EFBC}") = "ImageFFT.UI.Web", "ImageFFT.UI.Web\ImageFFT.UI.Web.csproj", "{CE787B45-81D6-402A-AAE9-5B18156195AD}"
EndProject
Global
	GlobalSection(SolutionConfigurationPlatforms) = preSolution
		Debug|Any CPU = Debug|Any CPU
		Release|Any CPU = Release|Any CPU
	EndGlobalSection
	GlobalSection(ProjectConfigurationPlatforms) = postSolution
		{E269E2AC-163E-4B8D-A609-CDC90FA05388}.Debug|Any CPU.ActiveCfg = Debug|Any CPU
		{E269E2AC-163E-4B8D-A609-CDC90FA05388}.Debug|Any CPU.Build.0 = Debug|Any CPU
		{E269E2AC-163E-4B8D-A609-CDC90FA05388}.Release|Any CPU.ActiveCfg = Release|Any CPU
		{E269E2AC-163E-4B8D-A609-CDC90FA05388}.Release|Any CPU.Build.0 = Release|Any CPU
		{FA71C336-B20B-4683-93C5-DDEFFF8811FC}.Debug|Any CPU.ActiveCfg = Debug|Any CPU
		{FA71C336-B20B-4683-93C5-DDEFFF8811FC}.Debug|Any CPU.Build.0 = Debug|Any CPU
		{FA71C336-B20B-4683-93C5-DDEFFF8811FC}.Release|Any CPU.ActiveCfg = Release|Any CPU
		{FA71C336-B20B-4683-93C5-DDEFFF8811FC}.Release|Any CPU.Build.0 = Release|Any CPU
		{CE787B45-81D6-402A-AAE9-5B18156195AD}.Debug|Any CPU.ActiveCfg = Debug|Any CPU
		{CE787B45-81D6-402A-AAE9-5B18156195AD}.Debug|Any CPU.Build.0 = Debug|Any CPU
		{CE787B45-81D6-402A-AAE9-5B18156195AD}.Release|Any CPU.ActiveCfg = Release|Any CPU
		{CE787B45-81D6-402A-AAE9-5B18156195AD}.Release|Any CPU.Build.0 = Release|Any CPU
	EndGlobalSection
EndGlobal
